
Microsoft Visual Studio Solution File, Format Version 12.00
# Visual Studio Version 17
VisualStudioVersion = 17.0.31903.59
MinimumVisualStudioVersion = 10.0.40219.1
Project("{2150E333-8FDC-42A3-9474-1A3956D46DE8}") = "src", "src", "{827E0CD3-B72D-47B6-A68D-7590B98EB39B}"
EndProject
Project("{FAE04EC0-301F-11D3-BF4B-00C04F79EFBC}") = "AuthAPI.Api", "src\AuthAPI.Api\AuthAPI.Api.csproj", "{476CB36F-D384-4BD3-8C8F-95E889BA8F07}"
EndProject
Project("{FAE04EC0-301F-11D3-BF4B-00C04F79EFBC}") = "AuthAPI.Application", "src\AuthAPI.Application\AuthAPI.Application.csproj", "{9AE9FC47-B038-41C9-93BA-51E7CB70517B}"
EndProject
Project("{FAE04EC0-301F-11D3-BF4B-00C04F79EFBC}") = "AuthAPI.Domain", "src\AuthAPI.Domain\AuthAPI.Domain.csproj", "{933B5A41-C648-4031-9152-D672889538A7}"
EndProject
Project("{FAE04EC0-301F-11D3-BF4B-00C04F79EFBC}") = "AuthAPI.Infrastructure", "src\AuthAPI.Infrastructure\AuthAPI.Infrastructure.csproj", "{645BB6EA-1E0D-4B98-A1B4-B01074E772B8}"
EndProject
Project("{2150E333-8FDC-42A3-9474-1A3956D46DE8}") = "tests", "tests", "{0AB3BF05-4346-4AA6-1389-037BE0695223}"
EndProject
Project("{FAE04EC0-301F-11D3-BF4B-00C04F79EFBC}") = "AuthAPI.Api.Tests", "tests\AuthAPI.Api.Tests\AuthAPI.Api.Tests.csproj", "{33AC9973-A842-405F-9416-12576E7CEA26}"
EndProject
Global
	GlobalSection(SolutionConfigurationPlatforms) = preSolution
		Debug|Any CPU = Debug|Any CPU
		Debug|x64 = Debug|x64
		Debug|x86 = Debug|x86
		Release|Any CPU = Release|Any CPU
		Release|x64 = Release|x64
		Release|x86 = Release|x86
	EndGlobalSection
	GlobalSection(ProjectConfigurationPlatforms) = postSolution
		{476CB36F-D384-4BD3-8C8F-95E889BA8F07}.Debug|Any CPU.ActiveCfg = Debug|Any CPU
		{476CB36F-D384-4BD3-8C8F-95E889BA8F07}.Debug|Any CPU.Build.0 = Debug|Any CPU
		{476CB36F-D384-4BD3-8C8F-95E889BA8F07}.Debug|x64.ActiveCfg = Debug|Any CPU
		{476CB36F-D384-4BD3-8C8F-95E889BA8F07}.Debug|x64.Build.0 = Debug|Any CPU
		{476CB36F-D384-4BD3-8C8F-95E889BA8F07}.Debug|x86.ActiveCfg = Debug|Any CPU
		{476CB36F-D384-4BD3-8C8F-95E889BA8F07}.Debug|x86.Build.0 = Debug|Any CPU
		{476CB36F-D384-4BD3-8C8F-95E889BA8F07}.Release|Any CPU.ActiveCfg = Release|Any CPU
		{476CB36F-D384-4BD3-8C8F-95E889BA8F07}.Release|Any CPU.Build.0 = Release|Any CPU
		{476CB36F-D384-4BD3-8C8F-95E889BA8F07}.Release|x64.ActiveCfg = Release|Any CPU
		{476CB36F-D384-4BD3-8C8F-95E889BA8F07}.Release|x64.Build.0 = Release|Any CPU
		{476CB36F-D384-4BD3-8C8F-95E889BA8F07}.Release|x86.ActiveCfg = Release|Any CPU
		{476CB36F-D384-4BD3-8C8F-95E889BA8F07}.Release|x86.Build.0 = Release|Any CPU
		{9AE9FC47-B038-41C9-93BA-51E7CB70517B}.Debug|Any CPU.ActiveCfg = Debug|Any CPU
		{9AE9FC47-B038-41C9-93BA-51E7CB70517B}.Debug|Any CPU.Build.0 = Debug|Any CPU
		{9AE9FC47-B038-41C9-93BA-51E7CB70517B}.Debug|x64.ActiveCfg = Debug|Any CPU
		{9AE9FC47-B038-41C9-93BA-51E7CB70517B}.Debug|x64.Build.0 = Debug|Any CPU
		{9AE9FC47-B038-41C9-93BA-51E7CB70517B}.Debug|x86.ActiveCfg = Debug|Any CPU
		{9AE9FC47-B038-41C9-93BA-51E7CB70517B}.Debug|x86.Build.0 = Debug|Any CPU
		{9AE9FC47-B038-41C9-93BA-51E7CB70517B}.Release|Any CPU.ActiveCfg = Release|Any CPU
		{9AE9FC47-B038-41C9-93BA-51E7CB70517B}.Release|Any CPU.Build.0 = Release|Any CPU
		{9AE9FC47-B038-41C9-93BA-51E7CB70517B}.Release|x64.ActiveCfg = Release|Any CPU
		{9AE9FC47-B038-41C9-93BA-51E7CB70517B}.Release|x64.Build.0 = Release|Any CPU
		{9AE9FC47-B038-41C9-93BA-51E7CB70517B}.Release|x86.ActiveCfg = Release|Any CPU
		{9AE9FC47-B038-41C9-93BA-51E7CB70517B}.Release|x86.Build.0 = Release|Any CPU
		{933B5A41-C648-4031-9152-D672889538A7}.Debug|Any CPU.ActiveCfg = Debug|Any CPU
		{933B5A41-C648-4031-9152-D672889538A7}.Debug|Any CPU.Build.0 = Debug|Any CPU
		{933B5A41-C648-4031-9152-D672889538A7}.Debug|x64.ActiveCfg = Debug|Any CPU
		{933B5A41-C648-4031-9152-D672889538A7}.Debug|x64.Build.0 = Debug|Any CPU
		{933B5A41-C648-4031-9152-D672889538A7}.Debug|x86.ActiveCfg = Debug|Any CPU
		{933B5A41-C648-4031-9152-D672889538A7}.Debug|x86.Build.0 = Debug|Any CPU
		{933B5A41-C648-4031-9152-D672889538A7}.Release|Any CPU.ActiveCfg = Release|Any CPU
		{933B5A41-C648-4031-9152-D672889538A7}.Release|Any CPU.Build.0 = Release|Any CPU
		{933B5A41-C648-4031-9152-D672889538A7}.Release|x64.ActiveCfg = Release|Any CPU
		{933B5A41-C648-4031-9152-D672889538A7}.Release|x64.Build.0 = Release|Any CPU
		{933B5A41-C648-4031-9152-D672889538A7}.Release|x86.ActiveCfg = Release|Any CPU
		{933B5A41-C648-4031-9152-D672889538A7}.Release|x86.Build.0 = Release|Any CPU
		{645BB6EA-1E0D-4B98-A1B4-B01074E772B8}.Debug|Any CPU.ActiveCfg = Debug|Any CPU
		{645BB6EA-1E0D-4B98-A1B4-B01074E772B8}.Debug|Any CPU.Build.0 = Debug|Any CPU
		{645BB6EA-1E0D-4B98-A1B4-B01074E772B8}.Debug|x64.ActiveCfg = Debug|Any CPU
		{645BB6EA-1E0D-4B98-A1B4-B01074E772B8}.Debug|x64.Build.0 = Debug|Any CPU
		{645BB6EA-1E0D-4B98-A1B4-B01074E772B8}.Debug|x86.ActiveCfg = Debug|Any CPU
		{645BB6EA-1E0D-4B98-A1B4-B01074E772B8}.Debug|x86.Build.0 = Debug|Any CPU
		{645BB6EA-1E0D-4B98-A1B4-B01074E772B8}.Release|Any CPU.ActiveCfg = Release|Any CPU
		{645BB6EA-1E0D-4B98-A1B4-B01074E772B8}.Release|Any CPU.Build.0 = Release|Any CPU
		{645BB6EA-1E0D-4B98-A1B4-B01074E772B8}.Release|x64.ActiveCfg = Release|Any CPU
		{645BB6EA-1E0D-4B98-A1B4-B01074E772B8}.Release|x64.Build.0 = Release|Any CPU
		{645BB6EA-1E0D-4B98-A1B4-B01074E772B8}.Release|x86.ActiveCfg = Release|Any CPU
		{645BB6EA-1E0D-4B98-A1B4-B01074E772B8}.Release|x86.Build.0 = Release|Any CPU
		{33AC9973-A842-405F-9416-12576E7CEA26}.Debug|Any CPU.ActiveCfg = Debug|Any CPU
		{33AC9973-A842-405F-9416-12576E7CEA26}.Debug|Any CPU.Build.0 = Debug|Any CPU
		{33AC9973-A842-405F-9416-12576E7CEA26}.Debug|x64.ActiveCfg = Debug|Any CPU
		{33AC9973-A842-405F-9416-12576E7CEA26}.Debug|x64.Build.0 = Debug|Any CPU
		{33AC9973-A842-405F-9416-12576E7CEA26}.Debug|x86.ActiveCfg = Debug|Any CPU
		{33AC9973-A842-405F-9416-12576E7CEA26}.Debug|x86.Build.0 = Debug|Any CPU
		{33AC9973-A842-405F-9416-12576E7CEA26}.Release|Any CPU.ActiveCfg = Release|Any CPU
		{33AC9973-A842-405F-9416-12576E7CEA26}.Release|Any CPU.Build.0 = Release|Any CPU
		{33AC9973-A842-405F-9416-12576E7CEA26}.Release|x64.ActiveCfg = Release|Any CPU
		{33AC9973-A842-405F-9416-12576E7CEA26}.Release|x64.Build.0 = Release|Any CPU
		{33AC9973-A842-405F-9416-12576E7CEA26}.Release|x86.ActiveCfg = Release|Any CPU
		{33AC9973-A842-405F-9416-12576E7CEA26}.Release|x86.Build.0 = Release|Any CPU
	EndGlobalSection
	GlobalSection(SolutionProperties) = preSolution
		HideSolutionNode = FALSE
	EndGlobalSection
	GlobalSection(NestedProjects) = preSolution
		{476CB36F-D384-4BD3-8C8F-95E889BA8F07} = {827E0CD3-B72D-47B6-A68D-7590B98EB39B}
		{9AE9FC47-B038-41C9-93BA-51E7CB70517B} = {827E0CD3-B72D-47B6-A68D-7590B98EB39B}
		{933B5A41-C648-4031-9152-D672889538A7} = {827E0CD3-B72D-47B6-A68D-7590B98EB39B}
		{645BB6EA-1E0D-4B98-A1B4-B01074E772B8} = {827E0CD3-B72D-47B6-A68D-7590B98EB39B}
		{33AC9973-A842-405F-9416-12576E7CEA26} = {0AB3BF05-4346-4AA6-1389-037BE0695223}
	EndGlobalSection
EndGlobal
